{
    "_readme": [
        "This file locks the dependencies of your project to a known state",
        "Read more about it at http://getcomposer.org/doc/01-basic-usage.md#composer-lock-the-lock-file",
        "This file is @generated automatically"
    ],
    "hash": "da9185afe56653180893c0ea7d69319d",
    "packages": [
        {
            "name": "kadet/utils",
            "version": "v1.2.2",
            "source": {
                "type": "git",
                "url": "https://github.com/kadet1090/Utils.git",
                "reference": "8c5bf9c0c9a3e4b92b7eb12b08b4a160d4192dab"
            },
            "dist": {
                "type": "zip",
                "url": "https://api.github.com/repos/kadet1090/Utils/zipball/8c5bf9c0c9a3e4b92b7eb12b08b4a160d4192dab",
                "reference": "8c5bf9c0c9a3e4b92b7eb12b08b4a160d4192dab",
                "shasum": ""
            },
            "require": {
                "php": ">=5.4.0"
            },
            "type": "library",
            "autoload": {
                "psr-4": {
                    "Kadet\\Utils\\": "."
                },
                "files": [
                    "functions.php"
                ]
            },
            "notification-url": "https://packagist.org/downloads/",
            "license": [
                "GPLv3"
            ],
            "authors": [
                {
                    "name": "Kacper \"Kadet\" Donat",
                    "email": "kadet1090@gmail.com",
                    "homepage": "http://kadet.pipe-software.xaa.pl",
                    "role": "Developer"
                }
            ],
            "description": "Some utilities like Events, Properties, Timer for PHP (especially CLI)",
            "homepage": "https://github.com/kadet1090/Utils",
            "keywords": [
                "event",
                "properties",
                "timer",
                "utilities",
                "utils"
            ],
            "time": "2014-06-02 19:50:29"
        },
        {
            "name": "winek/file-resolver",
            "version": "0.1.1",
            "source": {
                "type": "git",
                "url": "https://github.com/winek/FileResolver.git",
                "reference": "2f16355169303663ca402184b1c5d5fa671af1b1"
            },
            "dist": {
                "type": "zip",
                "url": "https://api.github.com/repos/winek/FileResolver/zipball/2f16355169303663ca402184b1c5d5fa671af1b1",
                "reference": "2f16355169303663ca402184b1c5d5fa671af1b1",
                "shasum": ""
            },
            "type": "library",
            "autoload": {
                "psr-0": {
                    "Winek\\": "src/"
                }
            },
            "notification-url": "https://packagist.org/downloads/",
            "license": [
                "MIT"
            ],
            "authors": [
                {
                    "name": "Olgierd Grzyb",
                    "email": "olgierd.grzyb@gmail.com"
                }
            ],
            "description": "Cascading file system implementation",
            "time": "2014-04-22 00:23:41"
        }
    ],
    "packages-dev": [

    ],
    "aliases": [

    ],
    "minimum-stability": "stable",
    "stability-flags": [

    ],
    "platform": [

    ],
    "platform-dev": [

    ]
}
